{
  "name": "xgds_data",
  "version": "1.0.0",
  "lockfileVersion": 1,
  "requires": true,
  "dependencies": {
    "datatables.net": {
      "version": "1.10.16",
      "resolved": "https://registry.npmjs.org/datatables.net/-/datatables.net-1.10.16.tgz",
      "integrity": "sha1-SwUtEIKCQmG2ju2dInQbcR09JGk=",
      "requires": {
        "jquery": "3.3.1"
      }
    },
    "datatables.net-fixedcolumns": {
      "version": "3.2.4",
      "resolved": "https://registry.npmjs.org/datatables.net-fixedcolumns/-/datatables.net-fixedcolumns-3.2.4.tgz",
      "integrity": "sha1-rpoqCLP7l2djPbR4JbqOWYzc/A0=",
      "requires": {
        "datatables.net": "1.10.16",
        "jquery": "3.3.1"
      }
    },
    "flot": {
      "version": "0.8.0-alpha",
      "resolved": "https://registry.npmjs.org/flot/-/flot-0.8.0-alpha.tgz",
      "integrity": "sha1-nLvHFHwQpH0lSduQvSmH7BunhLo="
    },
    "jquery": {
      "version": "3.3.1",
      "resolved": "https://registry.npmjs.org/jquery/-/jquery-3.3.1.tgz",
      "integrity": "sha512-Ubldcmxp5np52/ENotGxlLe6aGMvmF4R8S6tZjsP6Knsaxd/xp3Zrh50cG93lR6nPXyUFwzN3ZSOQI0wRJNdGg=="
    }
  }
}
